{
    "_meta": {
        "hash": {
            "sha256": "255be5ab1aeec4ca3310edef67910903892e048fc96a149655cd92a8a9945fbe"
        },
        "requires": {},
        "sources": [
            {
                "url": "https://pypi.python.org/simple",
                "verify_ssl": true
            }
        ]
    },
    "default": {
        "click": {
            "version": "==6.7"
        },
        "cycler": {
            "version": "==0.10.0"
        },
        "matplotlib": {
            "version": "==1.5.3"
        },
        "numpy": {
            "version": "==1.13.1"
        },
        "pyparsing": {
            "version": "==2.2.0"
        },
        "python-dateutil": {
            "version": "==2.6.0"
        },
        "pytz": {
            "version": "==2017.2"
        },
        "six": {
            "version": "==1.10.0"
        }
    },
    "develop": {}
}
