{
    "_meta": {
        "hash": {
            "sha256": "754b3fe87af1b0a6945050d28828e6c20f50cdda391e13ab71aa6799f5d28fc9"
        },
        "requires": {},
        "sources": [
            {
                "url": "https://pypi.python.org/simple",
                "verify_ssl": true
            }
        ]
    },
    "default": {
        "backports.functools-lru-cache": {
            "version": "==1.4"
        },
        "click": {
            "version": "==6.7"
        },
        "cycler": {
            "version": "==0.10.0"
        },
        "matplotlib": {
            "version": "==2.1.0"
        },
        "numpy": {
            "version": "==1.13.3"
        },
        "pyparsing": {
            "version": "==2.2.0"
        },
        "python-dateutil": {
            "version": "==2.6.1"
        },
        "pytz": {
            "version": "==2017.3"
        },
        "six": {
            "version": "==1.11.0"
        },
        "subprocess32": {
            "version": "==3.2.7"
        }
    },
    "develop": {}
}
